
Microsoft Visual Studio Solution File, Format Version 11.00
# Visual Studio 2010
Project("{2150E333-8FDC-42A3-9474-1A3956D46DE8}") = "Contrib", "Contrib", "{C4BF3401-B862-411D-91CC-C23C7199F8C7}"
EndProject
Project("{FAE04EC0-301F-11D3-BF4B-00C04F79EFBC}") = "Perst.NET", "..\Perst4.NET\Perst.NET.csproj", "{1FF2E6AE-B540-4EA9-BD18-5F077EE61291}"
EndProject
Project("{FAE04EC0-301F-11D3-BF4B-00C04F79EFBC}") = "SoftwareBotany.Sunlight", "..\SoftwareBotany.Sunlight\SoftwareBotany.Sunlight\SoftwareBotany.Sunlight.csproj", "{C7C9E27C-F8BC-4583-AF16-B01AD8A707FD}"
EndProject
Project("{FAE04EC0-301F-11D3-BF4B-00C04F79EFBC}") = "Zlib DLL", "..\DotNetZip\Zlib\Zlib DLL.csproj", "{9816BA86-9250-4C00-A912-25F07F8677D1}"
EndProject
Project("{FAE04EC0-301F-11D3-BF4B-00C04F79EFBC}") = "Disruptor", "..\Disruptor-net\Disruptor\Disruptor.csproj", "{37FBDBE1-8524-4489-B082-CC109B0F5EA3}"
EndProject
Project("{FAE04EC0-301F-11D3-BF4B-00C04F79EFBC}") = "Atomic", "..\Disruptor-net\Atomic\Atomic.csproj", "{BDB4336E-54F2-475D-8193-B730C522261F}"
EndProject
Project("{FAE04EC0-301F-11D3-BF4B-00C04F79EFBC}") = "Disruptor.Scheduler", "..\Disruptor-net\Disruptor.Scheduler\Disruptor.Scheduler.csproj", "{7B1F3DC3-5DA8-4E36-A03B-837D90D2A51D}"
EndProject
Project("{FAE04EC0-301F-11D3-BF4B-00C04F79EFBC}") = "Disruptor.PerfTests", "..\Disruptor-net\Disruptor.PerfTests\Disruptor.PerfTests.csproj", "{BD103699-F540-40C3-99D7-462F53A9DABC}"
EndProject
Project("{FAE04EC0-301F-11D3-BF4B-00C04F79EFBC}") = "InlineILCompiler", "..\IL\InlineILCompiler\InlineILCompiler.csproj", "{537C48F2-F6E8-46C3-BFCB-9847ACAE7BD2}"
EndProject
Project("{FAE04EC0-301F-11D3-BF4B-00C04F79EFBC}") = "Snail", "Snail\Snail.csproj", "{81C7E4E2-C9BD-46D7-89C0-D70AE421A542}"
EndProject
Project("{FAE04EC0-301F-11D3-BF4B-00C04F79EFBC}") = "Snail.PerfTests", "Snail.Perf\Snail.PerfTests.csproj", "{48225CB8-0233-4580-8209-F8A829FC7248}"
EndProject
Project("{8BC9CEB8-8B4A-11D0-8D11-00A0C91BC942}") = "Snail.Native", "Snail.Native\SlothNative.vcxproj", "{1AA7757F-1C1F-4B3A-A247-42C8C623A610}"
EndProject
Project("{FAE04EC0-301F-11D3-BF4B-00C04F79EFBC}") = "NAct", "..\n-act\NAct\NAct.csproj", "{DC989223-DE2D-4E10-80C1-9CAF84FF333A}"
EndProject
Project("{FAE04EC0-301F-11D3-BF4B-00C04F79EFBC}") = "NActTests", "..\n-act\NActTests\NActTests.csproj", "{39DE1767-5272-41EE-B0E7-952B8FBE3B6D}"
EndProject
Global
	GlobalSection(SolutionConfigurationPlatforms) = preSolution
		Debug|Any CPU = Debug|Any CPU
		Debug|Mixed Platforms = Debug|Mixed Platforms
		Debug|Win32 = Debug|Win32
		Debug|X64 = Debug|X64
		Debug|x86 = Debug|x86
		Release|Any CPU = Release|Any CPU
		Release|Mixed Platforms = Release|Mixed Platforms
		Release|Win32 = Release|Win32
		Release|X64 = Release|X64
		Release|x86 = Release|x86
	EndGlobalSection
	GlobalSection(ProjectConfigurationPlatforms) = postSolution
		{1FF2E6AE-B540-4EA9-BD18-5F077EE61291}.Debug|Any CPU.ActiveCfg = Debug|Any CPU
		{1FF2E6AE-B540-4EA9-BD18-5F077EE61291}.Debug|Any CPU.Build.0 = Debug|Any CPU
		{1FF2E6AE-B540-4EA9-BD18-5F077EE61291}.Debug|Mixed Platforms.ActiveCfg = Debug|Any CPU
		{1FF2E6AE-B540-4EA9-BD18-5F077EE61291}.Debug|Mixed Platforms.Build.0 = Debug|Any CPU
		{1FF2E6AE-B540-4EA9-BD18-5F077EE61291}.Debug|Win32.ActiveCfg = Debug|Any CPU
		{1FF2E6AE-B540-4EA9-BD18-5F077EE61291}.Debug|X64.ActiveCfg = Debug|X64
		{1FF2E6AE-B540-4EA9-BD18-5F077EE61291}.Debug|X64.Build.0 = Debug|X64
		{1FF2E6AE-B540-4EA9-BD18-5F077EE61291}.Debug|x86.ActiveCfg = Debug|Any CPU
		{1FF2E6AE-B540-4EA9-BD18-5F077EE61291}.Release|Any CPU.ActiveCfg = Release|Any CPU
		{1FF2E6AE-B540-4EA9-BD18-5F077EE61291}.Release|Any CPU.Build.0 = Release|Any CPU
		{1FF2E6AE-B540-4EA9-BD18-5F077EE61291}.Release|Mixed Platforms.ActiveCfg = Release|Any CPU
		{1FF2E6AE-B540-4EA9-BD18-5F077EE61291}.Release|Mixed Platforms.Build.0 = Release|Any CPU
		{1FF2E6AE-B540-4EA9-BD18-5F077EE61291}.Release|Win32.ActiveCfg = Release|Any CPU
		{1FF2E6AE-B540-4EA9-BD18-5F077EE61291}.Release|X64.ActiveCfg = Release|X64
		{1FF2E6AE-B540-4EA9-BD18-5F077EE61291}.Release|X64.Build.0 = Release|X64
		{1FF2E6AE-B540-4EA9-BD18-5F077EE61291}.Release|x86.ActiveCfg = Release|Any CPU
		{C7C9E27C-F8BC-4583-AF16-B01AD8A707FD}.Debug|Any CPU.ActiveCfg = Debug|Any CPU
		{C7C9E27C-F8BC-4583-AF16-B01AD8A707FD}.Debug|Any CPU.Build.0 = Debug|Any CPU
		{C7C9E27C-F8BC-4583-AF16-B01AD8A707FD}.Debug|Mixed Platforms.ActiveCfg = Debug|Any CPU
		{C7C9E27C-F8BC-4583-AF16-B01AD8A707FD}.Debug|Mixed Platforms.Build.0 = Debug|Any CPU
		{C7C9E27C-F8BC-4583-AF16-B01AD8A707FD}.Debug|Win32.ActiveCfg = Debug|Any CPU
		{C7C9E27C-F8BC-4583-AF16-B01AD8A707FD}.Debug|X64.ActiveCfg = Debug|X64
		{C7C9E27C-F8BC-4583-AF16-B01AD8A707FD}.Debug|X64.Build.0 = Debug|X64
		{C7C9E27C-F8BC-4583-AF16-B01AD8A707FD}.Debug|x86.ActiveCfg = Debug|Any CPU
		{C7C9E27C-F8BC-4583-AF16-B01AD8A707FD}.Release|Any CPU.ActiveCfg = Release|Any CPU
		{C7C9E27C-F8BC-4583-AF16-B01AD8A707FD}.Release|Any CPU.Build.0 = Release|Any CPU
		{C7C9E27C-F8BC-4583-AF16-B01AD8A707FD}.Release|Mixed Platforms.ActiveCfg = Release|Any CPU
		{C7C9E27C-F8BC-4583-AF16-B01AD8A707FD}.Release|Mixed Platforms.Build.0 = Release|Any CPU
		{C7C9E27C-F8BC-4583-AF16-B01AD8A707FD}.Release|Win32.ActiveCfg = Release|Any CPU
		{C7C9E27C-F8BC-4583-AF16-B01AD8A707FD}.Release|X64.ActiveCfg = Release|X64
		{C7C9E27C-F8BC-4583-AF16-B01AD8A707FD}.Release|X64.Build.0 = Release|X64
		{C7C9E27C-F8BC-4583-AF16-B01AD8A707FD}.Release|x86.ActiveCfg = Release|Any CPU
		{9816BA86-9250-4C00-A912-25F07F8677D1}.Debug|Any CPU.ActiveCfg = Debug|Any CPU
		{9816BA86-9250-4C00-A912-25F07F8677D1}.Debug|Any CPU.Build.0 = Debug|Any CPU
		{9816BA86-9250-4C00-A912-25F07F8677D1}.Debug|Mixed Platforms.ActiveCfg = Debug|Any CPU
		{9816BA86-9250-4C00-A912-25F07F8677D1}.Debug|Mixed Platforms.Build.0 = Debug|Any CPU
		{9816BA86-9250-4C00-A912-25F07F8677D1}.Debug|Win32.ActiveCfg = Debug|Any CPU
		{9816BA86-9250-4C00-A912-25F07F8677D1}.Debug|X64.ActiveCfg = Debug|X64
		{9816BA86-9250-4C00-A912-25F07F8677D1}.Debug|X64.Build.0 = Debug|X64
		{9816BA86-9250-4C00-A912-25F07F8677D1}.Debug|x86.ActiveCfg = Debug|Any CPU
		{9816BA86-9250-4C00-A912-25F07F8677D1}.Release|Any CPU.ActiveCfg = Release|Any CPU
		{9816BA86-9250-4C00-A912-25F07F8677D1}.Release|Any CPU.Build.0 = Release|Any CPU
		{9816BA86-9250-4C00-A912-25F07F8677D1}.Release|Mixed Platforms.ActiveCfg = Release|Any CPU
		{9816BA86-9250-4C00-A912-25F07F8677D1}.Release|Mixed Platforms.Build.0 = Release|Any CPU
		{9816BA86-9250-4C00-A912-25F07F8677D1}.Release|Win32.ActiveCfg = Release|Any CPU
		{9816BA86-9250-4C00-A912-25F07F8677D1}.Release|X64.ActiveCfg = Release|X64
		{9816BA86-9250-4C00-A912-25F07F8677D1}.Release|X64.Build.0 = Release|X64
		{9816BA86-9250-4C00-A912-25F07F8677D1}.Release|x86.ActiveCfg = Release|Any CPU
		{37FBDBE1-8524-4489-B082-CC109B0F5EA3}.Debug|Any CPU.ActiveCfg = Debug|Any CPU
		{37FBDBE1-8524-4489-B082-CC109B0F5EA3}.Debug|Any CPU.Build.0 = Debug|Any CPU
		{37FBDBE1-8524-4489-B082-CC109B0F5EA3}.Debug|Mixed Platforms.ActiveCfg = Debug|Any CPU
		{37FBDBE1-8524-4489-B082-CC109B0F5EA3}.Debug|Mixed Platforms.Build.0 = Debug|Any CPU
		{37FBDBE1-8524-4489-B082-CC109B0F5EA3}.Debug|Win32.ActiveCfg = Debug|Any CPU
		{37FBDBE1-8524-4489-B082-CC109B0F5EA3}.Debug|X64.ActiveCfg = Debug|X64
		{37FBDBE1-8524-4489-B082-CC109B0F5EA3}.Debug|X64.Build.0 = Debug|X64
		{37FBDBE1-8524-4489-B082-CC109B0F5EA3}.Debug|x86.ActiveCfg = Debug|Any CPU
		{37FBDBE1-8524-4489-B082-CC109B0F5EA3}.Release|Any CPU.ActiveCfg = Release|Any CPU
		{37FBDBE1-8524-4489-B082-CC109B0F5EA3}.Release|Any CPU.Build.0 = Release|Any CPU
		{37FBDBE1-8524-4489-B082-CC109B0F5EA3}.Release|Mixed Platforms.ActiveCfg = Release|Any CPU
		{37FBDBE1-8524-4489-B082-CC109B0F5EA3}.Release|Mixed Platforms.Build.0 = Release|Any CPU
		{37FBDBE1-8524-4489-B082-CC109B0F5EA3}.Release|Win32.ActiveCfg = Release|Any CPU
		{37FBDBE1-8524-4489-B082-CC109B0F5EA3}.Release|X64.ActiveCfg = Release|X64
		{37FBDBE1-8524-4489-B082-CC109B0F5EA3}.Release|X64.Build.0 = Release|X64
		{37FBDBE1-8524-4489-B082-CC109B0F5EA3}.Release|x86.ActiveCfg = Release|Any CPU
		{BDB4336E-54F2-475D-8193-B730C522261F}.Debug|Any CPU.ActiveCfg = Debug|Any CPU
		{BDB4336E-54F2-475D-8193-B730C522261F}.Debug|Any CPU.Build.0 = Debug|Any CPU
		{BDB4336E-54F2-475D-8193-B730C522261F}.Debug|Mixed Platforms.ActiveCfg = Debug|Any CPU
		{BDB4336E-54F2-475D-8193-B730C522261F}.Debug|Mixed Platforms.Build.0 = Debug|Any CPU
		{BDB4336E-54F2-475D-8193-B730C522261F}.Debug|Win32.ActiveCfg = Debug|Any CPU
		{BDB4336E-54F2-475D-8193-B730C522261F}.Debug|X64.ActiveCfg = Debug|X64
		{BDB4336E-54F2-475D-8193-B730C522261F}.Debug|X64.Build.0 = Debug|X64
		{BDB4336E-54F2-475D-8193-B730C522261F}.Debug|x86.ActiveCfg = Debug|Any CPU
		{BDB4336E-54F2-475D-8193-B730C522261F}.Release|Any CPU.ActiveCfg = Release|Any CPU
		{BDB4336E-54F2-475D-8193-B730C522261F}.Release|Any CPU.Build.0 = Release|Any CPU
		{BDB4336E-54F2-475D-8193-B730C522261F}.Release|Mixed Platforms.ActiveCfg = Release|Any CPU
		{BDB4336E-54F2-475D-8193-B730C522261F}.Release|Mixed Platforms.Build.0 = Release|Any CPU
		{BDB4336E-54F2-475D-8193-B730C522261F}.Release|Win32.ActiveCfg = Release|Any CPU
		{BDB4336E-54F2-475D-8193-B730C522261F}.Release|X64.ActiveCfg = Release|X64
		{BDB4336E-54F2-475D-8193-B730C522261F}.Release|X64.Build.0 = Release|X64
		{BDB4336E-54F2-475D-8193-B730C522261F}.Release|x86.ActiveCfg = Release|Any CPU
		{7B1F3DC3-5DA8-4E36-A03B-837D90D2A51D}.Debug|Any CPU.ActiveCfg = Debug|Any CPU
		{7B1F3DC3-5DA8-4E36-A03B-837D90D2A51D}.Debug|Any CPU.Build.0 = Debug|Any CPU
		{7B1F3DC3-5DA8-4E36-A03B-837D90D2A51D}.Debug|Mixed Platforms.ActiveCfg = Debug|Any CPU
		{7B1F3DC3-5DA8-4E36-A03B-837D90D2A51D}.Debug|Mixed Platforms.Build.0 = Debug|Any CPU
		{7B1F3DC3-5DA8-4E36-A03B-837D90D2A51D}.Debug|Win32.ActiveCfg = Debug|Any CPU
		{7B1F3DC3-5DA8-4E36-A03B-837D90D2A51D}.Debug|X64.ActiveCfg = Debug|X64
		{7B1F3DC3-5DA8-4E36-A03B-837D90D2A51D}.Debug|X64.Build.0 = Debug|X64
		{7B1F3DC3-5DA8-4E36-A03B-837D90D2A51D}.Debug|x86.ActiveCfg = Debug|Any CPU
		{7B1F3DC3-5DA8-4E36-A03B-837D90D2A51D}.Release|Any CPU.ActiveCfg = Release|Any CPU
		{7B1F3DC3-5DA8-4E36-A03B-837D90D2A51D}.Release|Any CPU.Build.0 = Release|Any CPU
		{7B1F3DC3-5DA8-4E36-A03B-837D90D2A51D}.Release|Mixed Platforms.ActiveCfg = Release|Any CPU
		{7B1F3DC3-5DA8-4E36-A03B-837D90D2A51D}.Release|Mixed Platforms.Build.0 = Release|Any CPU
		{7B1F3DC3-5DA8-4E36-A03B-837D90D2A51D}.Release|Win32.ActiveCfg = Release|Any CPU
		{7B1F3DC3-5DA8-4E36-A03B-837D90D2A51D}.Release|X64.ActiveCfg = Release|X64
		{7B1F3DC3-5DA8-4E36-A03B-837D90D2A51D}.Release|X64.Build.0 = Release|X64
		{7B1F3DC3-5DA8-4E36-A03B-837D90D2A51D}.Release|x86.ActiveCfg = Release|Any CPU
		{BD103699-F540-40C3-99D7-462F53A9DABC}.Debug|Any CPU.ActiveCfg = Debug|Any CPU
		{BD103699-F540-40C3-99D7-462F53A9DABC}.Debug|Any CPU.Build.0 = Debug|Any CPU
		{BD103699-F540-40C3-99D7-462F53A9DABC}.Debug|Mixed Platforms.ActiveCfg = Debug|Any CPU
		{BD103699-F540-40C3-99D7-462F53A9DABC}.Debug|Mixed Platforms.Build.0 = Debug|Any CPU
		{BD103699-F540-40C3-99D7-462F53A9DABC}.Debug|Win32.ActiveCfg = Debug|Any CPU
		{BD103699-F540-40C3-99D7-462F53A9DABC}.Debug|X64.ActiveCfg = Debug|X64
		{BD103699-F540-40C3-99D7-462F53A9DABC}.Debug|X64.Build.0 = Debug|X64
		{BD103699-F540-40C3-99D7-462F53A9DABC}.Debug|x86.ActiveCfg = Debug|Any CPU
		{BD103699-F540-40C3-99D7-462F53A9DABC}.Release|Any CPU.ActiveCfg = Release|Any CPU
		{BD103699-F540-40C3-99D7-462F53A9DABC}.Release|Any CPU.Build.0 = Release|Any CPU
		{BD103699-F540-40C3-99D7-462F53A9DABC}.Release|Mixed Platforms.ActiveCfg = Release|Any CPU
		{BD103699-F540-40C3-99D7-462F53A9DABC}.Release|Mixed Platforms.Build.0 = Release|Any CPU
		{BD103699-F540-40C3-99D7-462F53A9DABC}.Release|Win32.ActiveCfg = Release|Any CPU
		{BD103699-F540-40C3-99D7-462F53A9DABC}.Release|X64.ActiveCfg = Release|X64
		{BD103699-F540-40C3-99D7-462F53A9DABC}.Release|X64.Build.0 = Release|X64
		{BD103699-F540-40C3-99D7-462F53A9DABC}.Release|x86.ActiveCfg = Release|Any CPU
		{537C48F2-F6E8-46C3-BFCB-9847ACAE7BD2}.Debug|Any CPU.ActiveCfg = Debug|x86
		{537C48F2-F6E8-46C3-BFCB-9847ACAE7BD2}.Debug|Mixed Platforms.ActiveCfg = Debug|x86
		{537C48F2-F6E8-46C3-BFCB-9847ACAE7BD2}.Debug|Mixed Platforms.Build.0 = Debug|x86
		{537C48F2-F6E8-46C3-BFCB-9847ACAE7BD2}.Debug|Win32.ActiveCfg = Debug|x86
		{537C48F2-F6E8-46C3-BFCB-9847ACAE7BD2}.Debug|X64.ActiveCfg = Debug|X64
		{537C48F2-F6E8-46C3-BFCB-9847ACAE7BD2}.Debug|X64.Build.0 = Debug|X64
		{537C48F2-F6E8-46C3-BFCB-9847ACAE7BD2}.Debug|x86.ActiveCfg = Debug|x86
		{537C48F2-F6E8-46C3-BFCB-9847ACAE7BD2}.Debug|x86.Build.0 = Debug|x86
		{537C48F2-F6E8-46C3-BFCB-9847ACAE7BD2}.Release|Any CPU.ActiveCfg = Release|x86
		{537C48F2-F6E8-46C3-BFCB-9847ACAE7BD2}.Release|Mixed Platforms.ActiveCfg = Release|x86
		{537C48F2-F6E8-46C3-BFCB-9847ACAE7BD2}.Release|Mixed Platforms.Build.0 = Release|x86
		{537C48F2-F6E8-46C3-BFCB-9847ACAE7BD2}.Release|Win32.ActiveCfg = Release|x86
		{537C48F2-F6E8-46C3-BFCB-9847ACAE7BD2}.Release|X64.ActiveCfg = Release|X64
		{537C48F2-F6E8-46C3-BFCB-9847ACAE7BD2}.Release|X64.Build.0 = Release|X64
		{537C48F2-F6E8-46C3-BFCB-9847ACAE7BD2}.Release|x86.ActiveCfg = Release|x86
		{537C48F2-F6E8-46C3-BFCB-9847ACAE7BD2}.Release|x86.Build.0 = Release|x86
		{81C7E4E2-C9BD-46D7-89C0-D70AE421A542}.Debug|Any CPU.ActiveCfg = Debug|Any CPU
		{81C7E4E2-C9BD-46D7-89C0-D70AE421A542}.Debug|Any CPU.Build.0 = Debug|Any CPU
		{81C7E4E2-C9BD-46D7-89C0-D70AE421A542}.Debug|Mixed Platforms.ActiveCfg = Debug|X64
		{81C7E4E2-C9BD-46D7-89C0-D70AE421A542}.Debug|Mixed Platforms.Build.0 = Debug|X64
		{81C7E4E2-C9BD-46D7-89C0-D70AE421A542}.Debug|Win32.ActiveCfg = Debug|X64
		{81C7E4E2-C9BD-46D7-89C0-D70AE421A542}.Debug|X64.ActiveCfg = Debug|X64
		{81C7E4E2-C9BD-46D7-89C0-D70AE421A542}.Debug|X64.Build.0 = Debug|X64
		{81C7E4E2-C9BD-46D7-89C0-D70AE421A542}.Debug|x86.ActiveCfg = Debug|X64
		{81C7E4E2-C9BD-46D7-89C0-D70AE421A542}.Release|Any CPU.ActiveCfg = Release|Any CPU
		{81C7E4E2-C9BD-46D7-89C0-D70AE421A542}.Release|Any CPU.Build.0 = Release|Any CPU
		{81C7E4E2-C9BD-46D7-89C0-D70AE421A542}.Release|Mixed Platforms.ActiveCfg = Release|X64
		{81C7E4E2-C9BD-46D7-89C0-D70AE421A542}.Release|Mixed Platforms.Build.0 = Release|X64
		{81C7E4E2-C9BD-46D7-89C0-D70AE421A542}.Release|Win32.ActiveCfg = Release|X64
		{81C7E4E2-C9BD-46D7-89C0-D70AE421A542}.Release|X64.ActiveCfg = Release|X64
		{81C7E4E2-C9BD-46D7-89C0-D70AE421A542}.Release|X64.Build.0 = Release|X64
		{81C7E4E2-C9BD-46D7-89C0-D70AE421A542}.Release|x86.ActiveCfg = Release|X64
		{48225CB8-0233-4580-8209-F8A829FC7248}.Debug|Any CPU.ActiveCfg = Debug|x86
		{48225CB8-0233-4580-8209-F8A829FC7248}.Debug|Any CPU.Build.0 = Debug|x86
		{48225CB8-0233-4580-8209-F8A829FC7248}.Debug|Mixed Platforms.ActiveCfg = Debug|X64
		{48225CB8-0233-4580-8209-F8A829FC7248}.Debug|Mixed Platforms.Build.0 = Debug|X64
		{48225CB8-0233-4580-8209-F8A829FC7248}.Debug|Win32.ActiveCfg = Debug|X64
		{48225CB8-0233-4580-8209-F8A829FC7248}.Debug|X64.ActiveCfg = Debug|X64
		{48225CB8-0233-4580-8209-F8A829FC7248}.Debug|X64.Build.0 = Debug|X64
		{48225CB8-0233-4580-8209-F8A829FC7248}.Debug|x86.ActiveCfg = Debug|x86
		{48225CB8-0233-4580-8209-F8A829FC7248}.Debug|x86.Build.0 = Debug|x86
		{48225CB8-0233-4580-8209-F8A829FC7248}.Release|Any CPU.ActiveCfg = Release|Any CPU
		{48225CB8-0233-4580-8209-F8A829FC7248}.Release|Any CPU.Build.0 = Release|Any CPU
		{48225CB8-0233-4580-8209-F8A829FC7248}.Release|Mixed Platforms.ActiveCfg = Release|X64
		{48225CB8-0233-4580-8209-F8A829FC7248}.Release|Mixed Platforms.Build.0 = Release|X64
		{48225CB8-0233-4580-8209-F8A829FC7248}.Release|Win32.ActiveCfg = Release|X64
		{48225CB8-0233-4580-8209-F8A829FC7248}.Release|X64.ActiveCfg = Release|X64
		{48225CB8-0233-4580-8209-F8A829FC7248}.Release|X64.Build.0 = Release|X64
		{48225CB8-0233-4580-8209-F8A829FC7248}.Release|x86.ActiveCfg = Release|x86
		{48225CB8-0233-4580-8209-F8A829FC7248}.Release|x86.Build.0 = Release|x86
		{1AA7757F-1C1F-4B3A-A247-42C8C623A610}.Debug|Any CPU.ActiveCfg = Debug|Win32
		{1AA7757F-1C1F-4B3A-A247-42C8C623A610}.Debug|Mixed Platforms.ActiveCfg = Debug|Win32
		{1AA7757F-1C1F-4B3A-A247-42C8C623A610}.Debug|Mixed Platforms.Build.0 = Debug|Win32
		{1AA7757F-1C1F-4B3A-A247-42C8C623A610}.Debug|Win32.ActiveCfg = Debug|Win32
		{1AA7757F-1C1F-4B3A-A247-42C8C623A610}.Debug|Win32.Build.0 = Debug|Win32
		{1AA7757F-1C1F-4B3A-A247-42C8C623A610}.Debug|X64.ActiveCfg = Debug|Win32
		{1AA7757F-1C1F-4B3A-A247-42C8C623A610}.Debug|x86.ActiveCfg = Debug|Win32
		{1AA7757F-1C1F-4B3A-A247-42C8C623A610}.Release|Any CPU.ActiveCfg = Release|Win32
		{1AA7757F-1C1F-4B3A-A247-42C8C623A610}.Release|Mixed Platforms.ActiveCfg = Release|Win32
		{1AA7757F-1C1F-4B3A-A247-42C8C623A610}.Release|Mixed Platforms.Build.0 = Release|Win32
		{1AA7757F-1C1F-4B3A-A247-42C8C623A610}.Release|Win32.ActiveCfg = Release|Win32
		{1AA7757F-1C1F-4B3A-A247-42C8C623A610}.Release|Win32.Build.0 = Release|Win32
		{1AA7757F-1C1F-4B3A-A247-42C8C623A610}.Release|X64.ActiveCfg = Release|Win32
		{1AA7757F-1C1F-4B3A-A247-42C8C623A610}.Release|x86.ActiveCfg = Release|Win32
		{DC989223-DE2D-4E10-80C1-9CAF84FF333A}.Debug|Any CPU.ActiveCfg = Debug|Any CPU
		{DC989223-DE2D-4E10-80C1-9CAF84FF333A}.Debug|Any CPU.Build.0 = Debug|Any CPU
		{DC989223-DE2D-4E10-80C1-9CAF84FF333A}.Debug|Mixed Platforms.ActiveCfg = Debug|Any CPU
		{DC989223-DE2D-4E10-80C1-9CAF84FF333A}.Debug|Mixed Platforms.Build.0 = Debug|Any CPU
		{DC989223-DE2D-4E10-80C1-9CAF84FF333A}.Debug|Win32.ActiveCfg = Debug|Any CPU
		{DC989223-DE2D-4E10-80C1-9CAF84FF333A}.Debug|X64.ActiveCfg = Debug|Any CPU
		{DC989223-DE2D-4E10-80C1-9CAF84FF333A}.Debug|x86.ActiveCfg = Debug|Any CPU
		{DC989223-DE2D-4E10-80C1-9CAF84FF333A}.Release|Any CPU.ActiveCfg = Release|Any CPU
		{DC989223-DE2D-4E10-80C1-9CAF84FF333A}.Release|Any CPU.Build.0 = Release|Any CPU
		{DC989223-DE2D-4E10-80C1-9CAF84FF333A}.Release|Mixed Platforms.ActiveCfg = Release|Any CPU
		{DC989223-DE2D-4E10-80C1-9CAF84FF333A}.Release|Mixed Platforms.Build.0 = Release|Any CPU
		{DC989223-DE2D-4E10-80C1-9CAF84FF333A}.Release|Win32.ActiveCfg = Release|Any CPU
		{DC989223-DE2D-4E10-80C1-9CAF84FF333A}.Release|X64.ActiveCfg = Release|Any CPU
		{DC989223-DE2D-4E10-80C1-9CAF84FF333A}.Release|x86.ActiveCfg = Release|Any CPU
		{39DE1767-5272-41EE-B0E7-952B8FBE3B6D}.Debug|Any CPU.ActiveCfg = Debug|Any CPU
		{39DE1767-5272-41EE-B0E7-952B8FBE3B6D}.Debug|Any CPU.Build.0 = Debug|Any CPU
		{39DE1767-5272-41EE-B0E7-952B8FBE3B6D}.Debug|Mixed Platforms.ActiveCfg = Debug|Any CPU
		{39DE1767-5272-41EE-B0E7-952B8FBE3B6D}.Debug|Mixed Platforms.Build.0 = Debug|Any CPU
		{39DE1767-5272-41EE-B0E7-952B8FBE3B6D}.Debug|Win32.ActiveCfg = Debug|Any CPU
		{39DE1767-5272-41EE-B0E7-952B8FBE3B6D}.Debug|X64.ActiveCfg = Debug|Any CPU
		{39DE1767-5272-41EE-B0E7-952B8FBE3B6D}.Debug|x86.ActiveCfg = Debug|Any CPU
		{39DE1767-5272-41EE-B0E7-952B8FBE3B6D}.Release|Any CPU.ActiveCfg = Release|Any CPU
		{39DE1767-5272-41EE-B0E7-952B8FBE3B6D}.Release|Any CPU.Build.0 = Release|Any CPU
		{39DE1767-5272-41EE-B0E7-952B8FBE3B6D}.Release|Mixed Platforms.ActiveCfg = Release|Any CPU
		{39DE1767-5272-41EE-B0E7-952B8FBE3B6D}.Release|Mixed Platforms.Build.0 = Release|Any CPU
		{39DE1767-5272-41EE-B0E7-952B8FBE3B6D}.Release|Win32.ActiveCfg = Release|Any CPU
		{39DE1767-5272-41EE-B0E7-952B8FBE3B6D}.Release|X64.ActiveCfg = Release|Any CPU
		{39DE1767-5272-41EE-B0E7-952B8FBE3B6D}.Release|x86.ActiveCfg = Release|Any CPU
	EndGlobalSection
	GlobalSection(SolutionProperties) = preSolution
		HideSolutionNode = FALSE
	EndGlobalSection
	GlobalSection(NestedProjects) = preSolution
		{1FF2E6AE-B540-4EA9-BD18-5F077EE61291} = {C4BF3401-B862-411D-91CC-C23C7199F8C7}
		{C7C9E27C-F8BC-4583-AF16-B01AD8A707FD} = {C4BF3401-B862-411D-91CC-C23C7199F8C7}
		{9816BA86-9250-4C00-A912-25F07F8677D1} = {C4BF3401-B862-411D-91CC-C23C7199F8C7}
		{37FBDBE1-8524-4489-B082-CC109B0F5EA3} = {C4BF3401-B862-411D-91CC-C23C7199F8C7}
		{BDB4336E-54F2-475D-8193-B730C522261F} = {C4BF3401-B862-411D-91CC-C23C7199F8C7}
		{7B1F3DC3-5DA8-4E36-A03B-837D90D2A51D} = {C4BF3401-B862-411D-91CC-C23C7199F8C7}
		{BD103699-F540-40C3-99D7-462F53A9DABC} = {C4BF3401-B862-411D-91CC-C23C7199F8C7}
		{537C48F2-F6E8-46C3-BFCB-9847ACAE7BD2} = {C4BF3401-B862-411D-91CC-C23C7199F8C7}
		{DC989223-DE2D-4E10-80C1-9CAF84FF333A} = {C4BF3401-B862-411D-91CC-C23C7199F8C7}
		{39DE1767-5272-41EE-B0E7-952B8FBE3B6D} = {C4BF3401-B862-411D-91CC-C23C7199F8C7}
	EndGlobalSection
EndGlobal
